
Microsoft Visual Studio Solution File, Format Version 12.00
# Visual Studio Version 16
VisualStudioVersion = 16.0.31005.135
MinimumVisualStudioVersion = 10.0.40219.1
Project("{FAE04EC0-301F-11D3-BF4B-00C04F79EFBC}") = "HashSetVsArray", "HashSetVsArray\HashSetVsArray.csproj", "{7BE868AD-86D9-4680-81DE-21D2DF67FC85}"
EndProject
Global
	GlobalSection(SolutionConfigurationPlatforms) = preSolution
		Debug|Any CPU = Debug|Any CPU
		Release|Any CPU = Release|Any CPU
	EndGlobalSection
	GlobalSection(ProjectConfigurationPlatforms) = postSolution
		{7BE868AD-86D9-4680-81DE-21D2DF67FC85}.Debug|Any CPU.ActiveCfg = Debug|Any CPU
		{7BE868AD-86D9-4680-81DE-21D2DF67FC85}.Debug|Any CPU.Build.0 = Debug|Any CPU
		{7BE868AD-86D9-4680-81DE-21D2DF67FC85}.Release|Any CPU.ActiveCfg = Release|Any CPU
		{7BE868AD-86D9-4680-81DE-21D2DF67FC85}.Release|Any CPU.Build.0 = Release|Any CPU
	EndGlobalSection
	GlobalSection(SolutionProperties) = preSolution
		HideSolutionNode = FALSE
	EndGlobalSection
	GlobalSection(ExtensibilityGlobals) = postSolution
		SolutionGuid = {F721EE9F-2CE7-4BB6-82AF-F4ACECB887F8}
	EndGlobalSection
EndGlobal
