
Microsoft Visual Studio Solution File, Format Version 12.00
# Visual Studio Version 16
VisualStudioVersion = 16.0.31005.135
MinimumVisualStudioVersion = 10.0.40219.1
Project("{FAE04EC0-301F-11D3-BF4B-00C04F79EFBC}") = "Graph", "Graph\Graph.csproj", "{EF56A415-5B49-4503-AF2E-D9DBFF84E34E}"
EndProject
Global
	GlobalSection(SolutionConfigurationPlatforms) = preSolution
		Debug|Any CPU = Debug|Any CPU
		Release|Any CPU = Release|Any CPU
	EndGlobalSection
	GlobalSection(ProjectConfigurationPlatforms) = postSolution
		{EF56A415-5B49-4503-AF2E-D9DBFF84E34E}.Debug|Any CPU.ActiveCfg = Debug|Any CPU
		{EF56A415-5B49-4503-AF2E-D9DBFF84E34E}.Debug|Any CPU.Build.0 = Debug|Any CPU
		{EF56A415-5B49-4503-AF2E-D9DBFF84E34E}.Release|Any CPU.ActiveCfg = Release|Any CPU
		{EF56A415-5B49-4503-AF2E-D9DBFF84E34E}.Release|Any CPU.Build.0 = Release|Any CPU
	EndGlobalSection
	GlobalSection(SolutionProperties) = preSolution
		HideSolutionNode = FALSE
	EndGlobalSection
	GlobalSection(ExtensibilityGlobals) = postSolution
		SolutionGuid = {D81FE1EF-ABF4-4991-B336-DEBAEF555461}
	EndGlobalSection
EndGlobal
